
Microsoft Visual Studio Solution File, Format Version 11.00
# Visual Studio 2010
Project("{FAE04EC0-301F-11D3-BF4B-00C04F79EFBC}") = "ATMMonitoring", "ATMMonitoring\ATMMonitoring.csproj", "{FD0782E1-7A5E-417F-89BD-35C6FAA7FBAC}"
EndProject
Project("{FAE04EC0-301F-11D3-BF4B-00C04F79EFBC}") = "ATMMonitoringLib", "..\..\ATMMonitoringLib\ATMMonitoringLib.csproj", "{3CC714BB-295C-43BF-B0FE-062A8A1C54CD}"
EndProject
Project("{FAE04EC0-301F-11D3-BF4B-00C04F79EFBC}") = "AlarmManagement", "..\..\..\AlarmManagement\AlarmManagement.csproj", "{B913719B-9909-4D8A-82C3-922910C6A2D8}"
EndProject
Global
	GlobalSection(SolutionConfigurationPlatforms) = preSolution
		Debug|Any CPU = Debug|Any CPU
		Debug|Mixed Platforms = Debug|Mixed Platforms
		Debug|x86 = Debug|x86
		Release|Any CPU = Release|Any CPU
		Release|Mixed Platforms = Release|Mixed Platforms
		Release|x86 = Release|x86
	EndGlobalSection
	GlobalSection(ProjectConfigurationPlatforms) = postSolution
		{FD0782E1-7A5E-417F-89BD-35C6FAA7FBAC}.Debug|Any CPU.ActiveCfg = Debug|Any CPU
		{FD0782E1-7A5E-417F-89BD-35C6FAA7FBAC}.Debug|Any CPU.Build.0 = Debug|Any CPU
		{FD0782E1-7A5E-417F-89BD-35C6FAA7FBAC}.Debug|Mixed Platforms.ActiveCfg = Debug|Any CPU
		{FD0782E1-7A5E-417F-89BD-35C6FAA7FBAC}.Debug|Mixed Platforms.Build.0 = Debug|Any CPU
		{FD0782E1-7A5E-417F-89BD-35C6FAA7FBAC}.Debug|x86.ActiveCfg = Debug|Any CPU
		{FD0782E1-7A5E-417F-89BD-35C6FAA7FBAC}.Release|Any CPU.ActiveCfg = Release|Any CPU
		{FD0782E1-7A5E-417F-89BD-35C6FAA7FBAC}.Release|Any CPU.Build.0 = Release|Any CPU
		{FD0782E1-7A5E-417F-89BD-35C6FAA7FBAC}.Release|Mixed Platforms.ActiveCfg = Release|Any CPU
		{FD0782E1-7A5E-417F-89BD-35C6FAA7FBAC}.Release|Mixed Platforms.Build.0 = Release|Any CPU
		{FD0782E1-7A5E-417F-89BD-35C6FAA7FBAC}.Release|x86.ActiveCfg = Release|Any CPU
		{3CC714BB-295C-43BF-B0FE-062A8A1C54CD}.Debug|Any CPU.ActiveCfg = Debug|Any CPU
		{3CC714BB-295C-43BF-B0FE-062A8A1C54CD}.Debug|Any CPU.Build.0 = Debug|Any CPU
		{3CC714BB-295C-43BF-B0FE-062A8A1C54CD}.Debug|Mixed Platforms.ActiveCfg = Debug|Any CPU
		{3CC714BB-295C-43BF-B0FE-062A8A1C54CD}.Debug|Mixed Platforms.Build.0 = Debug|Any CPU
		{3CC714BB-295C-43BF-B0FE-062A8A1C54CD}.Debug|x86.ActiveCfg = Debug|Any CPU
		{3CC714BB-295C-43BF-B0FE-062A8A1C54CD}.Release|Any CPU.ActiveCfg = Release|Any CPU
		{3CC714BB-295C-43BF-B0FE-062A8A1C54CD}.Release|Any CPU.Build.0 = Release|Any CPU
		{3CC714BB-295C-43BF-B0FE-062A8A1C54CD}.Release|Mixed Platforms.ActiveCfg = Release|Any CPU
		{3CC714BB-295C-43BF-B0FE-062A8A1C54CD}.Release|Mixed Platforms.Build.0 = Release|Any CPU
		{3CC714BB-295C-43BF-B0FE-062A8A1C54CD}.Release|x86.ActiveCfg = Release|Any CPU
		{B913719B-9909-4D8A-82C3-922910C6A2D8}.Debug|Any CPU.ActiveCfg = Debug|Any CPU
		{B913719B-9909-4D8A-82C3-922910C6A2D8}.Debug|Any CPU.Build.0 = Debug|Any CPU
		{B913719B-9909-4D8A-82C3-922910C6A2D8}.Debug|Mixed Platforms.ActiveCfg = Debug|Any CPU
		{B913719B-9909-4D8A-82C3-922910C6A2D8}.Debug|Mixed Platforms.Build.0 = Debug|Any CPU
		{B913719B-9909-4D8A-82C3-922910C6A2D8}.Debug|x86.ActiveCfg = Debug|Any CPU
		{B913719B-9909-4D8A-82C3-922910C6A2D8}.Release|Any CPU.ActiveCfg = Release|Any CPU
		{B913719B-9909-4D8A-82C3-922910C6A2D8}.Release|Any CPU.Build.0 = Release|Any CPU
		{B913719B-9909-4D8A-82C3-922910C6A2D8}.Release|Mixed Platforms.ActiveCfg = Release|Any CPU
		{B913719B-9909-4D8A-82C3-922910C6A2D8}.Release|Mixed Platforms.Build.0 = Release|Any CPU
		{B913719B-9909-4D8A-82C3-922910C6A2D8}.Release|x86.ActiveCfg = Release|Any CPU
	EndGlobalSection
	GlobalSection(SolutionProperties) = preSolution
		HideSolutionNode = FALSE
	EndGlobalSection
	GlobalSection(SubversionScc) = preSolution
		Svn-Managed = True
		Manager = AnkhSVN - Subversion Support for Visual Studio
	EndGlobalSection
EndGlobal
